// !$*UTF8*$!
{
	archiveVersion = 1;
	classes = {
	};
	objectVersion = 46;
	objects = {

/* Begin PBXBuildFile section */
		EAB0787F17CD4121006F5C0C /* Cocoa.framework in Frameworks */ = {isa = PBXBuildFile; fileRef = EAB0787E17CD4121006F5C0C /* Cocoa.framework */; };
		EAB0788917CD4121006F5C0C /* InfoPlist.strings in Resources */ = {isa = PBXBuildFile; fileRef = EAB0788717CD4121006F5C0C /* InfoPlist.strings */; };
		EAB0788B17CD4121006F5C0C /* main.m in Sources */ = {isa = PBXBuildFile; fileRef = EAB0788A17CD4121006F5C0C /* main.m */; };
		EAB0788F17CD4121006F5C0C /* Credits.rtf in Resources */ = {isa = PBXBuildFile; fileRef = EAB0788D17CD4121006F5C0C /* Credits.rtf */; };
		EAB0789217CD4121006F5C0C /* AppDelegate.m in Sources */ = {isa = PBXBuildFile; fileRef = EAB0789117CD4121006F5C0C /* AppDelegate.m */; };
		EAB0789517CD4121006F5C0C /* MainMenu.xib in Resources */ = {isa = PBXBuildFile; fileRef = EAB0789317CD4121006F5C0C /* MainMenu.xib */; };
		EAB0789D17CD4121006F5C0C /* SenTestingKit.framework in Frameworks */ = {isa = PBXBuildFile; fileRef = EAB0789C17CD4121006F5C0C /* SenTestingKit.framework */; };
		EAB0789E17CD4121006F5C0C /* Cocoa.framework in Frameworks */ = {isa = PBXBuildFile; fileRef = EAB0787E17CD4121006F5C0C /* Cocoa.framework */; };
		EAB078A617CD4121006F5C0C /* InfoPlist.strings in Resources */ = {isa = PBXBuildFile; fileRef = EAB078A417CD4121006F5C0C /* InfoPlist.strings */; };
		EAB078A917CD4121006F5C0C /* CrackMeTests.m in Sources */ = {isa = PBXBuildFile; fileRef = EAB078A817CD4121006F5C0C /* CrackMeTests.m */; };
/* End PBXBuildFile section */

/* Begin PBXContainerItemProxy section */
		EAB0789F17CD4121006F5C0C /* PBXContainerItemProxy */ = {
			isa = PBXContainerItemProxy;
			containerPortal = EAB0787317CD4121006F5C0C /* Project object */;
			proxyType = 1;
			remoteGlobalIDString = EAB0787A17CD4121006F5C0C;
			remoteInfo = CrackMe;
		};
/* End PBXContainerItemProxy section */

/* Begin PBXFileReference section */
		EAB0787B17CD4121006F5C0C /* CrackMe.app */ = {isa = PBXFileReference; explicitFileType = wrapper.application; includeInIndex = 0; path = CrackMe.app; sourceTree = BUILT_PRODUCTS_DIR; };
		EAB0787E17CD4121006F5C0C /* Cocoa.framework */ = {isa = PBXFileReference; lastKnownFileType = wrapper.framework; name = Cocoa.framework; path = System/Library/Frameworks/Cocoa.framework; sourceTree = SDKROOT; };
		EAB0788117CD4121006F5C0C /* AppKit.framework */ = {isa = PBXFileReference; lastKnownFileType = wrapper.framework; name = AppKit.framework; path = System/Library/Frameworks/AppKit.framework; sourceTree = SDKROOT; };
		EAB0788217CD4121006F5C0C /* CoreData.framework */ = {isa = PBXFileReference; lastKnownFileType = wrapper.framework; name = CoreData.framework; path = System/Library/Frameworks/CoreData.framework; sourceTree = SDKROOT; };
		EAB0788317CD4121006F5C0C /* Foundation.framework */ = {isa = PBXFileReference; lastKnownFileType = wrapper.framework; name = Foundation.framework; path = System/Library/Frameworks/Foundation.framework; sourceTree = SDKROOT; };
		EAB0788617CD4121006F5C0C /* CrackMe-Info.plist */ = {isa = PBXFileReference; lastKnownFileType = text.plist.xml; path = "CrackMe-Info.plist"; sourceTree = "<group>"; };
		EAB0788817CD4121006F5C0C /* en */ = {isa = PBXFileReference; lastKnownFileType = text.plist.strings; name = en; path = en.lproj/InfoPlist.strings; sourceTree = "<group>"; };
		EAB0788A17CD4121006F5C0C /* main.m */ = {isa = PBXFileReference; lastKnownFileType = sourcecode.c.objc; path = main.m; sourceTree = "<group>"; };
		EAB0788C17CD4121006F5C0C /* CrackMe-Prefix.pch */ = {isa = PBXFileReference; lastKnownFileType = sourcecode.c.h; path = "CrackMe-Prefix.pch"; sourceTree = "<group>"; };
		EAB0788E17CD4121006F5C0C /* en */ = {isa = PBXFileReference; lastKnownFileType = text.rtf; name = en; path = en.lproj/Credits.rtf; sourceTree = "<group>"; };
		EAB0789017CD4121006F5C0C /* AppDelegate.h */ = {isa = PBXFileReference; lastKnownFileType = sourcecode.c.h; path = AppDelegate.h; sourceTree = "<group>"; };
		EAB0789117CD4121006F5C0C /* AppDelegate.m */ = {isa = PBXFileReference; lastKnownFileType = sourcecode.c.objc; path = AppDelegate.m; sourceTree = "<group>"; };
		EAB0789417CD4121006F5C0C /* en */ = {isa = PBXFileReference; lastKnownFileType = file.xib; name = en; path = en.lproj/MainMenu.xib; sourceTree = "<group>"; };
		EAB0789B17CD4121006F5C0C /* CrackMeTests.octest */ = {isa = PBXFileReference; explicitFileType = wrapper.cfbundle; includeInIndex = 0; path = CrackMeTests.octest; sourceTree = BUILT_PRODUCTS_DIR; };
		EAB0789C17CD4121006F5C0C /* SenTestingKit.framework */ = {isa = PBXFileReference; lastKnownFileType = wrapper.framework; name = SenTestingKit.framework; path = Library/Frameworks/SenTestingKit.framework; sourceTree = DEVELOPER_DIR; };
		EAB078A317CD4121006F5C0C /* CrackMeTests-Info.plist */ = {isa = PBXFileReference; lastKnownFileType = text.plist.xml; path = "CrackMeTests-Info.plist"; sourceTree = "<group>"; };
		EAB078A517CD4121006F5C0C /* en */ = {isa = PBXFileReference; lastKnownFileType = text.plist.strings; name = en; path = en.lproj/InfoPlist.strings; sourceTree = "<group>"; };
		EAB078A717CD4121006F5C0C /* CrackMeTests.h */ = {isa = PBXFileReference; lastKnownFileType = sourcecode.c.h; path = CrackMeTests.h; sourceTree = "<group>"; };
		EAB078A817CD4121006F5C0C /* CrackMeTests.m */ = {isa = PBXFileReference; lastKnownFileType = sourcecode.c.objc; path = CrackMeTests.m; sourceTree = "<group>"; };
/* End PBXFileReference section */

/* Begin PBXFrameworksBuildPhase section */
		EAB0787817CD4121006F5C0C /* Frameworks */ = {
			isa = PBXFrameworksBuildPhase;
			buildActionMask = 2147483647;
			files = (
				EAB0787F17CD4121006F5C0C /* Cocoa.framework in Frameworks */,
			);
			runOnlyForDeploymentPostprocessing = 0;
		};
		EAB0789717CD4121006F5C0C /* Frameworks */ = {
			isa = PBXFrameworksBuildPhase;
			buildActionMask = 2147483647;
			files = (
				EAB0789D17CD4121006F5C0C /* SenTestingKit.framework in Frameworks */,
				EAB0789E17CD4121006F5C0C /* Cocoa.framework in Frameworks */,
			);
			runOnlyForDeploymentPostprocessing = 0;
		};
/* End PBXFrameworksBuildPhase section */

/* Begin PBXGroup section */
		EAB0787217CD4121006F5C0C = {
			isa = PBXGroup;
			children = (
				EAB0788417CD4121006F5C0C /* CrackMe */,
				EAB078A117CD4121006F5C0C /* CrackMeTests */,
				EAB0787D17CD4121006F5C0C /* Frameworks */,
				EAB0787C17CD4121006F5C0C /* Products */,
			);
			sourceTree = "<group>";
		};
		EAB0787C17CD4121006F5C0C /* Products */ = {
			isa = PBXGroup;
			children = (
				EAB0787B17CD4121006F5C0C /* CrackMe.app */,
				EAB0789B17CD4121006F5C0C /* CrackMeTests.octest */,
			);
			name = Products;
			sourceTree = "<group>";
		};
		EAB0787D17CD4121006F5C0C /* Frameworks */ = {
			isa = PBXGroup;
			children = (
				EAB0787E17CD4121006F5C0C /* Cocoa.framework */,
				EAB0789C17CD4121006F5C0C /* SenTestingKit.framework */,
				EAB0788017CD4121006F5C0C /* Other Frameworks */,
			);
			name = Frameworks;
			sourceTree = "<group>";
		};
		EAB0788017CD4121006F5C0C /* Other Frameworks */ = {
			isa = PBXGroup;
			children = (
				EAB0788117CD4121006F5C0C /* AppKit.framework */,
				EAB0788217CD4121006F5C0C /* CoreData.framework */,
				EAB0788317CD4121006F5C0C /* Foundation.framework */,
			);
			name = "Other Frameworks";
			sourceTree = "<group>";
		};
		EAB0788417CD4121006F5C0C /* CrackMe */ = {
			isa = PBXGroup;
			children = (
				EAB0789017CD4121006F5C0C /* AppDelegate.h */,
				EAB0789117CD4121006F5C0C /* AppDelegate.m */,
				EAB0789317CD4121006F5C0C /* MainMenu.xib */,
				EAB0788517CD4121006F5C0C /* Supporting Files */,
			);
			path = CrackMe;
			sourceTree = "<group>";
		};
		EAB0788517CD4121006F5C0C /* Supporting Files */ = {
			isa = PBXGroup;
			children = (
				EAB0788617CD4121006F5C0C /* CrackMe-Info.plist */,
				EAB0788717CD4121006F5C0C /* InfoPlist.strings */,
				EAB0788A17CD4121006F5C0C /* main.m */,
				EAB0788C17CD4121006F5C0C /* CrackMe-Prefix.pch */,
				EAB0788D17CD4121006F5C0C /* Credits.rtf */,
			);
			name = "Supporting Files";
			sourceTree = "<group>";
		};
		EAB078A117CD4121006F5C0C /* CrackMeTests */ = {
			isa = PBXGroup;
			children = (
				EAB078A717CD4121006F5C0C /* CrackMeTests.h */,
				EAB078A817CD4121006F5C0C /* CrackMeTests.m */,
				EAB078A217CD4121006F5C0C /* Supporting Files */,
			);
			path = CrackMeTests;
			sourceTree = "<group>";
		};
		EAB078A217CD4121006F5C0C /* Supporting Files */ = {
			isa = PBXGroup;
			children = (
				EAB078A317CD4121006F5C0C /* CrackMeTests-Info.plist */,
				EAB078A417CD4121006F5C0C /* InfoPlist.strings */,
			);
			name = "Supporting Files";
			sourceTree = "<group>";
		};
/* End PBXGroup section */

/* Begin PBXNativeTarget section */
		EAB0787A17CD4121006F5C0C /* CrackMe */ = {
			isa = PBXNativeTarget;
			buildConfigurationList = EAB078AC17CD4121006F5C0C /* Build configuration list for PBXNativeTarget "CrackMe" */;
			buildPhases = (
				EAB0787717CD4121006F5C0C /* Sources */,
				EAB0787817CD4121006F5C0C /* Frameworks */,
				EAB0787917CD4121006F5C0C /* Resources */,
			);
			buildRules = (
			);
			dependencies = (
			);
			name = CrackMe;
			productName = CrackMe;
			productReference = EAB0787B17CD4121006F5C0C /* CrackMe.app */;
			productType = "com.apple.product-type.application";
		};
		EAB0789A17CD4121006F5C0C /* CrackMeTests */ = {
			isa = PBXNativeTarget;
			buildConfigurationList = EAB078AF17CD4121006F5C0C /* Build configuration list for PBXNativeTarget "CrackMeTests" */;
			buildPhases = (
				EAB0789617CD4121006F5C0C /* Sources */,
				EAB0789717CD4121006F5C0C /* Frameworks */,
				EAB0789817CD4121006F5C0C /* Resources */,
				EAB0789917CD4121006F5C0C /* ShellScript */,
			);
			buildRules = (
			);
			dependencies = (
				EAB078A017CD4121006F5C0C /* PBXTargetDependency */,
			);
			name = CrackMeTests;
			productName = CrackMeTests;
			productReference = EAB0789B17CD4121006F5C0C /* CrackMeTests.octest */;
			productType = "com.apple.product-type.bundle";
		};
/* End PBXNativeTarget section */

/* Begin PBXProject section */
		EAB0787317CD4121006F5C0C /* Project object */ = {
			isa = PBXProject;
			attributes = {
				LastUpgradeCheck = 0460;
				ORGANIZATIONNAME = Ryan;
			};
			buildConfigurationList = EAB0787617CD4121006F5C0C /* Build configuration list for PBXProject "CrackMe" */;
			compatibilityVersion = "Xcode 3.2";
			developmentRegion = English;
			hasScannedForEncodings = 0;
			knownRegions = (
				en,
			);
			mainGroup = EAB0787217CD4121006F5C0C;
			productRefGroup = EAB0787C17CD4121006F5C0C /* Products */;
			projectDirPath = "";
			projectRoot = "";
			targets = (
				EAB0787A17CD4121006F5C0C /* CrackMe */,
				EAB0789A17CD4121006F5C0C /* CrackMeTests */,
			);
		};
/* End PBXProject section */

/* Begin PBXResourcesBuildPhase section */
		EAB0787917CD4121006F5C0C /* Resources */ = {
			isa = PBXResourcesBuildPhase;
			buildActionMask = 2147483647;
			files = (
				EAB0788917CD4121006F5C0C /* InfoPlist.strings in Resources */,
				EAB0788F17CD4121006F5C0C /* Credits.rtf in Resources */,
				EAB0789517CD4121006F5C0C /* MainMenu.xib in Resources */,
			);
			runOnlyForDeploymentPostprocessing = 0;
		};
		EAB0789817CD4121006F5C0C /* Resources */ = {
			isa = PBXResourcesBuildPhase;
			buildActionMask = 2147483647;
			files = (
				EAB078A617CD4121006F5C0C /* InfoPlist.strings in Resources */,
			);
			runOnlyForDeploymentPostprocessing = 0;
		};
/* End PBXResourcesBuildPhase section */

/* Begin PBXShellScriptBuildPhase section */
		EAB0789917CD4121006F5C0C /* ShellScript */ = {
			isa = PBXShellScriptBuildPhase;
			buildActionMask = 2147483647;
			files = (
			);
			inputPaths = (
			);
			outputPaths = (
			);
			runOnlyForDeploymentPostprocessing = 0;
			shellPath = /bin/sh;
			shellScript = "# Run the unit tests in this test bundle.\n\"${SYSTEM_DEVELOPER_DIR}/Tools/RunUnitTests\"\n";
		};
/* End PBXShellScriptBuildPhase section */

/* Begin PBXSourcesBuildPhase section */
		EAB0787717CD4121006F5C0C /* Sources */ = {
			isa = PBXSourcesBuildPhase;
			buildActionMask = 2147483647;
			files = (
				EAB0788B17CD4121006F5C0C /* main.m in Sources */,
				EAB0789217CD4121006F5C0C /* AppDelegate.m in Sources */,
			);
			runOnlyForDeploymentPostprocessing = 0;
		};
		EAB0789617CD4121006F5C0C /* Sources */ = {
			isa = PBXSourcesBuildPhase;
			buildActionMask = 2147483647;
			files = (
				EAB078A917CD4121006F5C0C /* CrackMeTests.m in Sources */,
			);
			runOnlyForDeploymentPostprocessing = 0;
		};
/* End PBXSourcesBuildPhase section */

/* Begin PBXTargetDependency section */
		EAB078A017CD4121006F5C0C /* PBXTargetDependency */ = {
			isa = PBXTargetDependency;
			target = EAB0787A17CD4121006F5C0C /* CrackMe */;
			targetProxy = EAB0789F17CD4121006F5C0C /* PBXContainerItemProxy */;
		};
/* End PBXTargetDependency section */

/* Begin PBXVariantGroup section */
		EAB0788717CD4121006F5C0C /* InfoPlist.strings */ = {
			isa = PBXVariantGroup;
			children = (
				EAB0788817CD4121006F5C0C /* en */,
			);
			name = InfoPlist.strings;
			sourceTree = "<group>";
		};
		EAB0788D17CD4121006F5C0C /* Credits.rtf */ = {
			isa = PBXVariantGroup;
			children = (
				EAB0788E17CD4121006F5C0C /* en */,
			);
			name = Credits.rtf;
			sourceTree = "<group>";
		};
		EAB0789317CD4121006F5C0C /* MainMenu.xib */ = {
			isa = PBXVariantGroup;
			children = (
				EAB0789417CD4121006F5C0C /* en */,
			);
			name = MainMenu.xib;
			sourceTree = "<group>";
		};
		EAB078A417CD4121006F5C0C /* InfoPlist.strings */ = {
			isa = PBXVariantGroup;
			children = (
				EAB078A517CD4121006F5C0C /* en */,
			);
			name = InfoPlist.strings;
			sourceTree = "<group>";
		};
/* End PBXVariantGroup section */

/* Begin XCBuildConfiguration section */
		EAB078AA17CD4121006F5C0C /* Debug */ = {
			isa = XCBuildConfiguration;
			buildSettings = {
				ALWAYS_SEARCH_USER_PATHS = NO;
				ARCHS = "$(ARCHS_STANDARD_64_BIT)";
				CLANG_CXX_LANGUAGE_STANDARD = "gnu++0x";
				CLANG_CXX_LIBRARY = "libc++";
				CLANG_ENABLE_OBJC_ARC = YES;
				CLANG_WARN_CONSTANT_CONVERSION = YES;
				CLANG_WARN_EMPTY_BODY = YES;
				CLANG_WARN_ENUM_CONVERSION = YES;
				CLANG_WARN_INT_CONVERSION = YES;
				CLANG_WARN__DUPLICATE_METHOD_MATCH = YES;
				COPY_PHASE_STRIP = NO;
				GCC_C_LANGUAGE_STANDARD = gnu99;
				GCC_DYNAMIC_NO_PIC = NO;
				GCC_ENABLE_OBJC_EXCEPTIONS = YES;
				GCC_OPTIMIZATION_LEVEL = 0;
				GCC_PREPROCESSOR_DEFINITIONS = (
					"DEBUG=1",
					"$(inherited)",
				);
				GCC_SYMBOLS_PRIVATE_EXTERN = NO;
				GCC_WARN_64_TO_32_BIT_CONVERSION = YES;
				GCC_WARN_ABOUT_RETURN_TYPE = YES;
				GCC_WARN_UNINITIALIZED_AUTOS = YES;
				GCC_WARN_UNUSED_VARIABLE = YES;
				MACOSX_DEPLOYMENT_TARGET = 10.8;
				ONLY_ACTIVE_ARCH = YES;
				SDKROOT = macosx;
			};
			name = Debug;
		};
		EAB078AB17CD4121006F5C0C /* Release */ = {
			isa = XCBuildConfiguration;
			buildSettings = {
				ALWAYS_SEARCH_USER_PATHS = NO;
				ARCHS = "$(ARCHS_STANDARD_64_BIT)";
				CLANG_CXX_LANGUAGE_STANDARD = "gnu++0x";
				CLANG_CXX_LIBRARY = "libc++";
				CLANG_ENABLE_OBJC_ARC = YES;
				CLANG_WARN_CONSTANT_CONVERSION = YES;
				CLANG_WARN_EMPTY_BODY = YES;
				CLANG_WARN_ENUM_CONVERSION = YES;
				CLANG_WARN_INT_CONVERSION = YES;
				CLANG_WARN__DUPLICATE_METHOD_MATCH = YES;
				COPY_PHASE_STRIP = YES;
				DEBUG_INFORMATION_FORMAT = "dwarf-with-dsym";
				GCC_C_LANGUAGE_STANDARD = gnu99;
				GCC_ENABLE_OBJC_EXCEPTIONS = YES;
				GCC_WARN_64_TO_32_BIT_CONVERSION = YES;
				GCC_WARN_ABOUT_RETURN_TYPE = YES;
				GCC_WARN_UNINITIALIZED_AUTOS = YES;
				GCC_WARN_UNUSED_VARIABLE = YES;
				MACOSX_DEPLOYMENT_TARGET = 10.8;
				SDKROOT = macosx;
			};
			name = Release;
		};
		EAB078AD17CD4121006F5C0C /* Debug */ = {
			isa = XCBuildConfiguration;
			buildSettings = {
				COMBINE_HIDPI_IMAGES = YES;
				GCC_PRECOMPILE_PREFIX_HEADER = YES;
				GCC_PREFIX_HEADER = "CrackMe/CrackMe-Prefix.pch";
				INFOPLIST_FILE = "CrackMe/CrackMe-Info.plist";
				PRODUCT_NAME = "$(TARGET_NAME)";
				WRAPPER_EXTENSION = app;
			};
			name = Debug;
		};
		EAB078AE17CD4121006F5C0C /* Release */ = {
			isa = XCBuildConfiguration;
			buildSettings = {
				COMBINE_HIDPI_IMAGES = YES;
				GCC_PRECOMPILE_PREFIX_HEADER = YES;
				GCC_PREFIX_HEADER = "CrackMe/CrackMe-Prefix.pch";
				INFOPLIST_FILE = "CrackMe/CrackMe-Info.plist";
				PRODUCT_NAME = "$(TARGET_NAME)";
				WRAPPER_EXTENSION = app;
			};
			name = Release;
		};
		EAB078B017CD4121006F5C0C /* Debug */ = {
			isa = XCBuildConfiguration;
			buildSettings = {
				BUNDLE_LOADER = "$(BUILT_PRODUCTS_DIR)/CrackMe.app/Contents/MacOS/CrackMe";
				COMBINE_HIDPI_IMAGES = YES;
				FRAMEWORK_SEARCH_PATHS = "\"$(DEVELOPER_LIBRARY_DIR)/Frameworks\"";
				GCC_PRECOMPILE_PREFIX_HEADER = YES;
				GCC_PREFIX_HEADER = "CrackMe/CrackMe-Prefix.pch";
				INFOPLIST_FILE = "CrackMeTests/CrackMeTests-Info.plist";
				PRODUCT_NAME = "$(TARGET_NAME)";
				TEST_HOST = "$(BUNDLE_LOADER)";
				WRAPPER_EXTENSION = octest;
			};
			name = Debug;
		};
		EAB078B117CD4121006F5C0C /* Release */ = {
			isa = XCBuildConfiguration;
			buildSettings = {
				BUNDLE_LOADER = "$(BUILT_PRODUCTS_DIR)/CrackMe.app/Contents/MacOS/CrackMe";
				COMBINE_HIDPI_IMAGES = YES;
				FRAMEWORK_SEARCH_PATHS = "\"$(DEVELOPER_LIBRARY_DIR)/Frameworks\"";
				GCC_PRECOMPILE_PREFIX_HEADER = YES;
				GCC_PREFIX_HEADER = "CrackMe/CrackMe-Prefix.pch";
				INFOPLIST_FILE = "CrackMeTests/CrackMeTests-Info.plist";
				PRODUCT_NAME = "$(TARGET_NAME)";
				TEST_HOST = "$(BUNDLE_LOADER)";
				WRAPPER_EXTENSION = octest;
			};
			name = Release;
		};
/* End XCBuildConfiguration section */

/* Begin XCConfigurationList section */
		EAB0787617CD4121006F5C0C /* Build configuration list for PBXProject "CrackMe" */ = {
			isa = XCConfigurationList;
			buildConfigurations = (
				EAB078AA17CD4121006F5C0C /* Debug */,
				EAB078AB17CD4121006F5C0C /* Release */,
			);
			defaultConfigurationIsVisible = 0;
			defaultConfigurationName = Release;
		};
		EAB078AC17CD4121006F5C0C /* Build configuration list for PBXNativeTarget "CrackMe" */ = {
			isa = XCConfigurationList;
			buildConfigurations = (
				EAB078AD17CD4121006F5C0C /* Debug */,
				EAB078AE17CD4121006F5C0C /* Release */,
			);
			defaultConfigurationIsVisible = 0;
		};
		EAB078AF17CD4121006F5C0C /* Build configuration list for PBXNativeTarget "CrackMeTests" */ = {
			isa = XCConfigurationList;
			buildConfigurations = (
				EAB078B017CD4121006F5C0C /* Debug */,
				EAB078B117CD4121006F5C0C /* Release */,
			);
			defaultConfigurationIsVisible = 0;
		};
/* End XCConfigurationList section */
	};
	rootObject = EAB0787317CD4121006F5C0C /* Project object */;
}
